// !$*UTF8*$!
{
	archiveVersion = 1;
	classes = {
	};
	objectVersion = 56;
	objects = {

/* Begin PBXBuildFile section */
		3E04847C2B9B3269009A4982 /* FashionContentView.swift in Sources */ = {isa = PBXBuildFile; fileRef = 3E04847B2B9B3269009A4982 /* FashionContentView.swift */; };
		3E04847E2B9B33AB009A4982 /* CustomNavigationView.swift in Sources */ = {isa = PBXBuildFile; fileRef = 3E04847D2B9B33AB009A4982 /* CustomNavigationView.swift */; };
		3E0484802B9B3690009A4982 /* CustomMainView.swift in Sources */ = {isa = PBXBuildFile; fileRef = 3E04847F2B9B3690009A4982 /* CustomMainView.swift */; };
		3E0BBC972B989AE90062B1CC /* NTTMoviesApp.swift in Sources */ = {isa = PBXBuildFile; fileRef = 3E0BBC962B989AE90062B1CC /* NTTMoviesApp.swift */; };
		3E0BBC992B989AE90062B1CC /* ContentView.swift in Sources */ = {isa = PBXBuildFile; fileRef = 3E0BBC982B989AE90062B1CC /* ContentView.swift */; };
		3E0BBC9B2B989AFB0062B1CC /* Assets.xcassets in Resources */ = {isa = PBXBuildFile; fileRef = 3E0BBC9A2B989AFB0062B1CC /* Assets.xcassets */; };
		3E0BBC9E2B989AFB0062B1CC /* Preview Assets.xcassets in Resources */ = {isa = PBXBuildFile; fileRef = 3E0BBC9D2B989AFB0062B1CC /* Preview Assets.xcassets */; };
		3E8C74B82B9EF7A6009D0935 /* DetailFashionContentView.swift in Sources */ = {isa = PBXBuildFile; fileRef = 3E8C74B72B9EF7A6009D0935 /* DetailFashionContentView.swift */; };
		3E8D05942B99C0A200517A54 /* MainView.swift in Sources */ = {isa = PBXBuildFile; fileRef = 3E8D05932B99C0A200517A54 /* MainView.swift */; };
		3E8D05972B99CFDB00517A54 /* HeaderComponent.swift in Sources */ = {isa = PBXBuildFile; fileRef = 3E8D05962B99CFDB00517A54 /* HeaderComponent.swift */; };
		3E8D05992B99EAE900517A54 /* ControlFlujo.swift in Sources */ = {isa = PBXBuildFile; fileRef = 3E8D05982B99EAE900517A54 /* ControlFlujo.swift */; };
/* End PBXBuildFile section */

/* Begin PBXFileReference section */
		3E04847B2B9B3269009A4982 /* FashionContentView.swift */ = {isa = PBXFileReference; lastKnownFileType = sourcecode.swift; path = FashionContentView.swift; sourceTree = "<group>"; };
		3E04847D2B9B33AB009A4982 /* CustomNavigationView.swift */ = {isa = PBXFileReference; lastKnownFileType = sourcecode.swift; path = CustomNavigationView.swift; sourceTree = "<group>"; };
		3E04847F2B9B3690009A4982 /* CustomMainView.swift */ = {isa = PBXFileReference; lastKnownFileType = sourcecode.swift; path = CustomMainView.swift; sourceTree = "<group>"; };
		3E0BBC932B989AE90062B1CC /* NTTMovies.app */ = {isa = PBXFileReference; explicitFileType = wrapper.application; includeInIndex = 0; path = NTTMovies.app; sourceTree = BUILT_PRODUCTS_DIR; };
		3E0BBC962B989AE90062B1CC /* NTTMoviesApp.swift */ = {isa = PBXFileReference; lastKnownFileType = sourcecode.swift; path = NTTMoviesApp.swift; sourceTree = "<group>"; };
		3E0BBC982B989AE90062B1CC /* ContentView.swift */ = {isa = PBXFileReference; lastKnownFileType = sourcecode.swift; path = ContentView.swift; sourceTree = "<group>"; };
		3E0BBC9A2B989AFB0062B1CC /* Assets.xcassets */ = {isa = PBXFileReference; lastKnownFileType = folder.assetcatalog; path = Assets.xcassets; sourceTree = "<group>"; };
		3E0BBC9D2B989AFB0062B1CC /* Preview Assets.xcassets */ = {isa = PBXFileReference; lastKnownFileType = folder.assetcatalog; path = "Preview Assets.xcassets"; sourceTree = "<group>"; };
		3E8C74B72B9EF7A6009D0935 /* DetailFashionContentView.swift */ = {isa = PBXFileReference; lastKnownFileType = sourcecode.swift; path = DetailFashionContentView.swift; sourceTree = "<group>"; };
		3E8D05932B99C0A200517A54 /* MainView.swift */ = {isa = PBXFileReference; lastKnownFileType = sourcecode.swift; path = MainView.swift; sourceTree = "<group>"; };
		3E8D05962B99CFDB00517A54 /* HeaderComponent.swift */ = {isa = PBXFileReference; lastKnownFileType = sourcecode.swift; path = HeaderComponent.swift; sourceTree = "<group>"; };
		3E8D05982B99EAE900517A54 /* ControlFlujo.swift */ = {isa = PBXFileReference; lastKnownFileType = sourcecode.swift; path = ControlFlujo.swift; sourceTree = "<group>"; };
/* End PBXFileReference section */

/* Begin PBXFrameworksBuildPhase section */
		3E0BBC902B989AE90062B1CC /* Frameworks */ = {
			isa = PBXFrameworksBuildPhase;
			buildActionMask = 2147483647;
			files = (
			);
			runOnlyForDeploymentPostprocessing = 0;
		};
/* End PBXFrameworksBuildPhase section */

/* Begin PBXGroup section */
		3E0BBC8A2B989AE90062B1CC = {
			isa = PBXGroup;
			children = (
				3E0BBC952B989AE90062B1CC /* NTTMovies */,
				3E0BBC942B989AE90062B1CC /* Products */,
			);
			sourceTree = "<group>";
		};
		3E0BBC942B989AE90062B1CC /* Products */ = {
			isa = PBXGroup;
			children = (
				3E0BBC932B989AE90062B1CC /* NTTMovies.app */,
			);
			name = Products;
			sourceTree = "<group>";
		};
		3E0BBC952B989AE90062B1CC /* NTTMovies */ = {
			isa = PBXGroup;
			children = (
				3E8D05952B99C48200517A54 /* Components */,
				3E8D05922B99C07D00517A54 /* PracticaView */,
				3E0BBC962B989AE90062B1CC /* NTTMoviesApp.swift */,
				3E0BBC982B989AE90062B1CC /* ContentView.swift */,
				3E0BBC9A2B989AFB0062B1CC /* Assets.xcassets */,
				3E0BBC9C2B989AFB0062B1CC /* Preview Content */,
			);
			path = NTTMovies;
			sourceTree = "<group>";
		};
		3E0BBC9C2B989AFB0062B1CC /* Preview Content */ = {
			isa = PBXGroup;
			children = (
				3E0BBC9D2B989AFB0062B1CC /* Preview Assets.xcassets */,
			);
			path = "Preview Content";
			sourceTree = "<group>";
		};
		3E8D05922B99C07D00517A54 /* PracticaView */ = {
			isa = PBXGroup;
			children = (
				3E8D05932B99C0A200517A54 /* MainView.swift */,
				3E8D05982B99EAE900517A54 /* ControlFlujo.swift */,
				3E04847B2B9B3269009A4982 /* FashionContentView.swift */,
				3E8C74B72B9EF7A6009D0935 /* DetailFashionContentView.swift */,
			);
			path = PracticaView;
			sourceTree = "<group>";
		};
		3E8D05952B99C48200517A54 /* Components */ = {
			isa = PBXGroup;
			children = (
				3E8D05962B99CFDB00517A54 /* HeaderComponent.swift */,
				3E04847D2B9B33AB009A4982 /* CustomNavigationView.swift */,
				3E04847F2B9B3690009A4982 /* CustomMainView.swift */,
			);
			path = Components;
			sourceTree = "<group>";
		};
/* End PBXGroup section */

/* Begin PBXNativeTarget section */
		3E0BBC922B989AE90062B1CC /* NTTMovies */ = {
			isa = PBXNativeTarget;
			buildConfigurationList = 3E0BBCA12B989AFB0062B1CC /* Build configuration list for PBXNativeTarget "NTTMovies" */;
			buildPhases = (
				3E0BBC8F2B989AE90062B1CC /* Sources */,
				3E0BBC902B989AE90062B1CC /* Frameworks */,
				3E0BBC912B989AE90062B1CC /* Resources */,
			);
			buildRules = (
			);
			dependencies = (
			);
			name = NTTMovies;
			productName = NTTMovies;
			productReference = 3E0BBC932B989AE90062B1CC /* NTTMovies.app */;
			productType = "com.apple.product-type.application";
		};
/* End PBXNativeTarget section */

/* Begin PBXProject section */
		3E0BBC8B2B989AE90062B1CC /* Project object */ = {
			isa = PBXProject;
			attributes = {
				BuildIndependentTargetsInParallel = 1;
				LastSwiftUpdateCheck = 1520;
				LastUpgradeCheck = 1520;
				TargetAttributes = {
					3E0BBC922B989AE90062B1CC = {
						CreatedOnToolsVersion = 15.2;
					};
				};
			};
			buildConfigurationList = 3E0BBC8E2B989AE90062B1CC /* Build configuration list for PBXProject "NTTMovies" */;
			compatibilityVersion = "Xcode 14.0";
			developmentRegion = en;
			hasScannedForEncodings = 0;
			knownRegions = (
				en,
				Base,
			);
			mainGroup = 3E0BBC8A2B989AE90062B1CC;
			productRefGroup = 3E0BBC942B989AE90062B1CC /* Products */;
			projectDirPath = "";
			projectRoot = "";
			targets = (
				3E0BBC922B989AE90062B1CC /* NTTMovies */,
			);
		};
/* End PBXProject section */

/* Begin PBXResourcesBuildPhase section */
		3E0BBC912B989AE90062B1CC /* Resources */ = {
			isa = PBXResourcesBuildPhase;
			buildActionMask = 2147483647;
			files = (
				3E0BBC9E2B989AFB0062B1CC /* Preview Assets.xcassets in Resources */,
				3E0BBC9B2B989AFB0062B1CC /* Assets.xcassets in Resources */,
			);
			runOnlyForDeploymentPostprocessing = 0;
		};
/* End PBXResourcesBuildPhase section */

/* Begin PBXSourcesBuildPhase section */
		3E0BBC8F2B989AE90062B1CC /* Sources */ = {
			isa = PBXSourcesBuildPhase;
			buildActionMask = 2147483647;
			files = (
				3E8D05972B99CFDB00517A54 /* HeaderComponent.swift in Sources */,
				3E0BBC992B989AE90062B1CC /* ContentView.swift in Sources */,
				3E0484802B9B3690009A4982 /* CustomMainView.swift in Sources */,
				3E8D05942B99C0A200517A54 /* MainView.swift in Sources */,
				3E04847E2B9B33AB009A4982 /* CustomNavigationView.swift in Sources */,
				3E0BBC972B989AE90062B1CC /* NTTMoviesApp.swift in Sources */,
				3E8C74B82B9EF7A6009D0935 /* DetailFashionContentView.swift in Sources */,
				3E8D05992B99EAE900517A54 /* ControlFlujo.swift in Sources */,
				3E04847C2B9B3269009A4982 /* FashionContentView.swift in Sources */,
			);
			runOnlyForDeploymentPostprocessing = 0;
		};
/* End PBXSourcesBuildPhase section */

/* Begin XCBuildConfiguration section */
		3E0BBC9F2B989AFB0062B1CC /* Debug */ = {
			isa = XCBuildConfiguration;
			buildSettings = {
				ALWAYS_SEARCH_USER_PATHS = NO;
				ASSETCATALOG_COMPILER_GENERATE_SWIFT_ASSET_SYMBOL_EXTENSIONS = YES;
				CLANG_ANALYZER_NONNULL = YES;
				CLANG_ANALYZER_NUMBER_OBJECT_CONVERSION = YES_AGGRESSIVE;
				CLANG_CXX_LANGUAGE_STANDARD = "gnu++20";
				CLANG_ENABLE_MODULES = YES;
				CLANG_ENABLE_OBJC_ARC = YES;
				CLANG_ENABLE_OBJC_WEAK = YES;
				CLANG_WARN_BLOCK_CAPTURE_AUTORELEASING = YES;
				CLANG_WARN_BOOL_CONVERSION = YES;
				CLANG_WARN_COMMA = YES;
				CLANG_WARN_CONSTANT_CONVERSION = YES;
				CLANG_WARN_DEPRECATED_OBJC_IMPLEMENTATIONS = YES;
				CLANG_WARN_DIRECT_OBJC_ISA_USAGE = YES_ERROR;
				CLANG_WARN_DOCUMENTATION_COMMENTS = YES;
				CLANG_WARN_EMPTY_BODY = YES;
				CLANG_WARN_ENUM_CONVERSION = YES;
				CLANG_WARN_INFINITE_RECURSION = YES;
				CLANG_WARN_INT_CONVERSION = YES;
				CLANG_WARN_NON_LITERAL_NULL_CONVERSION = YES;
				CLANG_WARN_OBJC_IMPLICIT_RETAIN_SELF = YES;
				CLANG_WARN_OBJC_LITERAL_CONVERSION = YES;
				CLANG_WARN_OBJC_ROOT_CLASS = YES_ERROR;
				CLANG_WARN_QUOTED_INCLUDE_IN_FRAMEWORK_HEADER = YES;
				CLANG_WARN_RANGE_LOOP_ANALYSIS = YES;
				CLANG_WARN_STRICT_PROTOTYPES = YES;
				CLANG_WARN_SUSPICIOUS_MOVE = YES;
				CLANG_WARN_UNGUARDED_AVAILABILITY = YES_AGGRESSIVE;
				CLANG_WARN_UNREACHABLE_CODE = YES;
				CLANG_WARN__DUPLICATE_METHOD_MATCH = YES;
				COPY_PHASE_STRIP = NO;
				DEBUG_INFORMATION_FORMAT = dwarf;
				ENABLE_STRICT_OBJC_MSGSEND = YES;
				ENABLE_TESTABILITY = YES;
				ENABLE_USER_SCRIPT_SANDBOXING = YES;
				GCC_C_LANGUAGE_STANDARD = gnu17;
				GCC_DYNAMIC_NO_PIC = NO;
				GCC_NO_COMMON_BLOCKS = YES;
				GCC_OPTIMIZATION_LEVEL = 0;
				GCC_PREPROCESSOR_DEFINITIONS = (
					"DEBUG=1",
					"$(inherited)",
				);
				GCC_WARN_64_TO_32_BIT_CONVERSION = YES;
				GCC_WARN_ABOUT_RETURN_TYPE = YES_ERROR;
				GCC_WARN_UNDECLARED_SELECTOR = YES;
				GCC_WARN_UNINITIALIZED_AUTOS = YES_AGGRESSIVE;
				GCC_WARN_UNUSED_FUNCTION = YES;
				GCC_WARN_UNUSED_VARIABLE = YES;
				IPHONEOS_DEPLOYMENT_TARGET = 17.2;
				LOCALIZATION_PREFERS_STRING_CATALOGS = YES;
				MTL_ENABLE_DEBUG_INFO = INCLUDE_SOURCE;
				MTL_FAST_MATH = YES;
				ONLY_ACTIVE_ARCH = YES;
				SDKROOT = iphoneos;
				SWIFT_ACTIVE_COMPILATION_CONDITIONS = "DEBUG $(inherited)";
				SWIFT_OPTIMIZATION_LEVEL = "-Onone";
			};
			name = Debug;
		};
		3E0BBCA02B989AFB0062B1CC /* Release */ = {
			isa = XCBuildConfiguration;
			buildSettings = {
				ALWAYS_SEARCH_USER_PATHS = NO;
				ASSETCATALOG_COMPILER_GENERATE_SWIFT_ASSET_SYMBOL_EXTENSIONS = YES;
				CLANG_ANALYZER_NONNULL = YES;
				CLANG_ANALYZER_NUMBER_OBJECT_CONVERSION = YES_AGGRESSIVE;
				CLANG_CXX_LANGUAGE_STANDARD = "gnu++20";
				CLANG_ENABLE_MODULES = YES;
				CLANG_ENABLE_OBJC_ARC = YES;
				CLANG_ENABLE_OBJC_WEAK = YES;
				CLANG_WARN_BLOCK_CAPTURE_AUTORELEASING = YES;
				CLANG_WARN_BOOL_CONVERSION = YES;
				CLANG_WARN_COMMA = YES;
				CLANG_WARN_CONSTANT_CONVERSION = YES;
				CLANG_WARN_DEPRECATED_OBJC_IMPLEMENTATIONS = YES;
				CLANG_WARN_DIRECT_OBJC_ISA_USAGE = YES_ERROR;
				CLANG_WARN_DOCUMENTATION_COMMENTS = YES;
				CLANG_WARN_EMPTY_BODY = YES;
				CLANG_WARN_ENUM_CONVERSION = YES;
				CLANG_WARN_INFINITE_RECURSION = YES;
				CLANG_WARN_INT_CONVERSION = YES;
				CLANG_WARN_NON_LITERAL_NULL_CONVERSION = YES;
				CLANG_WARN_OBJC_IMPLICIT_RETAIN_SELF = YES;
				CLANG_WARN_OBJC_LITERAL_CONVERSION = YES;
				CLANG_WARN_OBJC_ROOT_CLASS = YES_ERROR;
				CLANG_WARN_QUOTED_INCLUDE_IN_FRAMEWORK_HEADER = YES;
				CLANG_WARN_RANGE_LOOP_ANALYSIS = YES;
				CLANG_WARN_STRICT_PROTOTYPES = YES;
				CLANG_WARN_SUSPICIOUS_MOVE = YES;
				CLANG_WARN_UNGUARDED_AVAILABILITY = YES_AGGRESSIVE;
				CLANG_WARN_UNREACHABLE_CODE = YES;
				CLANG_WARN__DUPLICATE_METHOD_MATCH = YES;
				COPY_PHASE_STRIP = NO;
				DEBUG_INFORMATION_FORMAT = "dwarf-with-dsym";
				ENABLE_NS_ASSERTIONS = NO;
				ENABLE_STRICT_OBJC_MSGSEND = YES;
				ENABLE_USER_SCRIPT_SANDBOXING = YES;
				GCC_C_LANGUAGE_STANDARD = gnu17;
				GCC_NO_COMMON_BLOCKS = YES;
				GCC_WARN_64_TO_32_BIT_CONVERSION = YES;
				GCC_WARN_ABOUT_RETURN_TYPE = YES_ERROR;
				GCC_WARN_UNDECLARED_SELECTOR = YES;
				GCC_WARN_UNINITIALIZED_AUTOS = YES_AGGRESSIVE;
				GCC_WARN_UNUSED_FUNCTION = YES;
				GCC_WARN_UNUSED_VARIABLE = YES;
				IPHONEOS_DEPLOYMENT_TARGET = 17.2;
				LOCALIZATION_PREFERS_STRING_CATALOGS = YES;
				MTL_ENABLE_DEBUG_INFO = NO;
				MTL_FAST_MATH = YES;
				SDKROOT = iphoneos;
				SWIFT_COMPILATION_MODE = wholemodule;
				VALIDATE_PRODUCT = YES;
			};
			name = Release;
		};
		3E0BBCA22B989AFB0062B1CC /* Debug */ = {
			isa = XCBuildConfiguration;
			buildSettings = {
				ASSETCATALOG_COMPILER_APPICON_NAME = AppIcon;
				ASSETCATALOG_COMPILER_GLOBAL_ACCENT_COLOR_NAME = AccentColor;
				CODE_SIGN_STYLE = Automatic;
				CURRENT_PROJECT_VERSION = 1;
				DEVELOPMENT_ASSET_PATHS = "\"NTTMovies/Preview Content\"";
				DEVELOPMENT_TEAM = 9HK9MP7WRQ;
				ENABLE_PREVIEWS = YES;
				GENERATE_INFOPLIST_FILE = YES;
				INFOPLIST_KEY_UIApplicationSceneManifest_Generation = YES;
				INFOPLIST_KEY_UIApplicationSupportsIndirectInputEvents = YES;
				INFOPLIST_KEY_UILaunchScreen_Generation = YES;
				INFOPLIST_KEY_UISupportedInterfaceOrientations_iPad = "UIInterfaceOrientationPortrait UIInterfaceOrientationPortraitUpsideDown UIInterfaceOrientationLandscapeLeft UIInterfaceOrientationLandscapeRight";
				INFOPLIST_KEY_UISupportedInterfaceOrientations_iPhone = "UIInterfaceOrientationPortrait UIInterfaceOrientationLandscapeLeft UIInterfaceOrientationLandscapeRight";
				LD_RUNPATH_SEARCH_PATHS = (
					"$(inherited)",
					"@executable_path/Frameworks",
				);
				MARKETING_VERSION = 1.0;
				PRODUCT_BUNDLE_IDENTIFIER = com.formacioniOS.NTTMovies;
				PRODUCT_NAME = "$(TARGET_NAME)";
				SWIFT_EMIT_LOC_STRINGS = YES;
				SWIFT_VERSION = 5.0;
				TARGETED_DEVICE_FAMILY = "1,2";
			};
			name = Debug;
		};
		3E0BBCA32B989AFB0062B1CC /* Release */ = {
			isa = XCBuildConfiguration;
			buildSettings = {
				ASSETCATALOG_COMPILER_APPICON_NAME = AppIcon;
				ASSETCATALOG_COMPILER_GLOBAL_ACCENT_COLOR_NAME = AccentColor;
				CODE_SIGN_STYLE = Automatic;
				CURRENT_PROJECT_VERSION = 1;
				DEVELOPMENT_ASSET_PATHS = "\"NTTMovies/Preview Content\"";
				DEVELOPMENT_TEAM = 9HK9MP7WRQ;
				ENABLE_PREVIEWS = YES;
				GENERATE_INFOPLIST_FILE = YES;
				INFOPLIST_KEY_UIApplicationSceneManifest_Generation = YES;
				INFOPLIST_KEY_UIApplicationSupportsIndirectInputEvents = YES;
				INFOPLIST_KEY_UILaunchScreen_Generation = YES;
				INFOPLIST_KEY_UISupportedInterfaceOrientations_iPad = "UIInterfaceOrientationPortrait UIInterfaceOrientationPortraitUpsideDown UIInterfaceOrientationLandscapeLeft UIInterfaceOrientationLandscapeRight";
				INFOPLIST_KEY_UISupportedInterfaceOrientations_iPhone = "UIInterfaceOrientationPortrait UIInterfaceOrientationLandscapeLeft UIInterfaceOrientationLandscapeRight";
				LD_RUNPATH_SEARCH_PATHS = (
					"$(inherited)",
					"@executable_path/Frameworks",
				);
				MARKETING_VERSION = 1.0;
				PRODUCT_BUNDLE_IDENTIFIER = com.formacioniOS.NTTMovies;
				PRODUCT_NAME = "$(TARGET_NAME)";
				SWIFT_EMIT_LOC_STRINGS = YES;
				SWIFT_VERSION = 5.0;
				TARGETED_DEVICE_FAMILY = "1,2";
			};
			name = Release;
		};
/* End XCBuildConfiguration section */

/* Begin XCConfigurationList section */
		3E0BBC8E2B989AE90062B1CC /* Build configuration list for PBXProject "NTTMovies" */ = {
			isa = XCConfigurationList;
			buildConfigurations = (
				3E0BBC9F2B989AFB0062B1CC /* Debug */,
				3E0BBCA02B989AFB0062B1CC /* Release */,
			);
			defaultConfigurationIsVisible = 0;
			defaultConfigurationName = Release;
		};
		3E0BBCA12B989AFB0062B1CC /* Build configuration list for PBXNativeTarget "NTTMovies" */ = {
			isa = XCConfigurationList;
			buildConfigurations = (
				3E0BBCA22B989AFB0062B1CC /* Debug */,
				3E0BBCA32B989AFB0062B1CC /* Release */,
			);
			defaultConfigurationIsVisible = 0;
			defaultConfigurationName = Release;
		};
/* End XCConfigurationList section */
	};
	rootObject = 3E0BBC8B2B989AE90062B1CC /* Project object */;
}
