// !$*UTF8*$!
{
	archiveVersion = 1;
	classes = {
	};
	objectVersion = 56;
	objects = {

/* Begin PBXBuildFile section */
		3E8BCAE12B8F5F11004A36CF /* AppDelegate.swift in Sources */ = {isa = PBXBuildFile; fileRef = 3E8BCAE02B8F5F11004A36CF /* AppDelegate.swift */; };
		3E8BCAEA2B8F5F12004A36CF /* Assets.xcassets in Resources */ = {isa = PBXBuildFile; fileRef = 3E8BCAE92B8F5F12004A36CF /* Assets.xcassets */; };
		3E8BCAED2B8F5F12004A36CF /* LaunchScreen.storyboard in Resources */ = {isa = PBXBuildFile; fileRef = 3E8BCAEB2B8F5F12004A36CF /* LaunchScreen.storyboard */; };
		3E8BCAF62B8F5F59004A36CF /* AppCoordinator.swift in Sources */ = {isa = PBXBuildFile; fileRef = 3E8BCAF52B8F5F59004A36CF /* AppCoordinator.swift */; };
		3E8BCB002B8F5FB9004A36CF /* ContactModel.swift in Sources */ = {isa = PBXBuildFile; fileRef = 3E8BCAFF2B8F5FB9004A36CF /* ContactModel.swift */; };
		3E8BCB022B8F5FDC004A36CF /* contacts.json in Resources */ = {isa = PBXBuildFile; fileRef = 3E8BCB012B8F5FDC004A36CF /* contacts.json */; };
		3E8BCB072B8F6235004A36CF /* TabBarHomeViewController.swift in Sources */ = {isa = PBXBuildFile; fileRef = 3E8BCB052B8F6235004A36CF /* TabBarHomeViewController.swift */; };
		3E8BCB082B8F6235004A36CF /* TabBarHomeViewController.xib in Resources */ = {isa = PBXBuildFile; fileRef = 3E8BCB062B8F6235004A36CF /* TabBarHomeViewController.xib */; };
		3E8BCB0A2B8F6242004A36CF /* TabBarHomeCoordinator.swift in Sources */ = {isa = PBXBuildFile; fileRef = 3E8BCB092B8F6242004A36CF /* TabBarHomeCoordinator.swift */; };
		3E8BCB0D2B8F63E6004A36CF /* ListaContactosViewController.swift in Sources */ = {isa = PBXBuildFile; fileRef = 3E8BCB0B2B8F63E6004A36CF /* ListaContactosViewController.swift */; };
		3E8BCB0E2B8F63E6004A36CF /* ListaContactosViewController.xib in Resources */ = {isa = PBXBuildFile; fileRef = 3E8BCB0C2B8F63E6004A36CF /* ListaContactosViewController.xib */; };
		3E8BCB102B8F63F2004A36CF /* ListaContactosCoordinator.swift in Sources */ = {isa = PBXBuildFile; fileRef = 3E8BCB0F2B8F63F2004A36CF /* ListaContactosCoordinator.swift */; };
		3E8BCB122B8F64DD004A36CF /* ListaContactosPresenter.swift in Sources */ = {isa = PBXBuildFile; fileRef = 3E8BCB112B8F64DD004A36CF /* ListaContactosPresenter.swift */; };
		3E8BCB162B8F654A004A36CF /* ContactosCell.swift in Sources */ = {isa = PBXBuildFile; fileRef = 3E8BCB142B8F654A004A36CF /* ContactosCell.swift */; };
		3E8BCB172B8F654A004A36CF /* ContactosCell.xib in Resources */ = {isa = PBXBuildFile; fileRef = 3E8BCB152B8F654A004A36CF /* ContactosCell.xib */; };
		3E8BCB192B8F6ADD004A36CF /* ListaContactosRouter.swift in Sources */ = {isa = PBXBuildFile; fileRef = 3E8BCB182B8F6ADD004A36CF /* ListaContactosRouter.swift */; };
		3E8BCB1D2B8F7F77004A36CF /* DetalleContactoViewController.swift in Sources */ = {isa = PBXBuildFile; fileRef = 3E8BCB1B2B8F7F77004A36CF /* DetalleContactoViewController.swift */; };
		3E8BCB1E2B8F7F77004A36CF /* DetalleContactoViewController.xib in Resources */ = {isa = PBXBuildFile; fileRef = 3E8BCB1C2B8F7F77004A36CF /* DetalleContactoViewController.xib */; };
		3E8BCB202B8F7F94004A36CF /* DetalleContactoPresenter.swift in Sources */ = {isa = PBXBuildFile; fileRef = 3E8BCB1F2B8F7F94004A36CF /* DetalleContactoPresenter.swift */; };
		3E8BCB222B8F7FE9004A36CF /* DetalleContactoCoordinator.swift in Sources */ = {isa = PBXBuildFile; fileRef = 3E8BCB212B8F7FE9004A36CF /* DetalleContactoCoordinator.swift */; };
/* End PBXBuildFile section */

/* Begin PBXFileReference section */
		3E8BCADD2B8F5F10004A36CF /* NTTDataTaskChallenge.app */ = {isa = PBXFileReference; explicitFileType = wrapper.application; includeInIndex = 0; path = NTTDataTaskChallenge.app; sourceTree = BUILT_PRODUCTS_DIR; };
		3E8BCAE02B8F5F11004A36CF /* AppDelegate.swift */ = {isa = PBXFileReference; lastKnownFileType = sourcecode.swift; path = AppDelegate.swift; sourceTree = "<group>"; };
		3E8BCAE92B8F5F12004A36CF /* Assets.xcassets */ = {isa = PBXFileReference; lastKnownFileType = folder.assetcatalog; path = Assets.xcassets; sourceTree = "<group>"; };
		3E8BCAEC2B8F5F12004A36CF /* Base */ = {isa = PBXFileReference; lastKnownFileType = file.storyboard; name = Base; path = Base.lproj/LaunchScreen.storyboard; sourceTree = "<group>"; };
		3E8BCAEE2B8F5F12004A36CF /* Info.plist */ = {isa = PBXFileReference; lastKnownFileType = text.plist.xml; path = Info.plist; sourceTree = "<group>"; };
		3E8BCAF52B8F5F59004A36CF /* AppCoordinator.swift */ = {isa = PBXFileReference; lastKnownFileType = sourcecode.swift; path = AppCoordinator.swift; sourceTree = "<group>"; };
		3E8BCAFF2B8F5FB9004A36CF /* ContactModel.swift */ = {isa = PBXFileReference; lastKnownFileType = sourcecode.swift; path = ContactModel.swift; sourceTree = "<group>"; };
		3E8BCB012B8F5FDC004A36CF /* contacts.json */ = {isa = PBXFileReference; fileEncoding = 4; lastKnownFileType = text.json; name = contacts.json; path = ../../../NTTDataTask/NTTDataTask/StubJson/contacts.json; sourceTree = "<group>"; };
		3E8BCB052B8F6235004A36CF /* TabBarHomeViewController.swift */ = {isa = PBXFileReference; lastKnownFileType = sourcecode.swift; path = TabBarHomeViewController.swift; sourceTree = "<group>"; };
		3E8BCB062B8F6235004A36CF /* TabBarHomeViewController.xib */ = {isa = PBXFileReference; lastKnownFileType = file.xib; path = TabBarHomeViewController.xib; sourceTree = "<group>"; };
		3E8BCB092B8F6242004A36CF /* TabBarHomeCoordinator.swift */ = {isa = PBXFileReference; lastKnownFileType = sourcecode.swift; path = TabBarHomeCoordinator.swift; sourceTree = "<group>"; };
		3E8BCB0B2B8F63E6004A36CF /* ListaContactosViewController.swift */ = {isa = PBXFileReference; lastKnownFileType = sourcecode.swift; path = ListaContactosViewController.swift; sourceTree = "<group>"; };
		3E8BCB0C2B8F63E6004A36CF /* ListaContactosViewController.xib */ = {isa = PBXFileReference; lastKnownFileType = file.xib; path = ListaContactosViewController.xib; sourceTree = "<group>"; };
		3E8BCB0F2B8F63F2004A36CF /* ListaContactosCoordinator.swift */ = {isa = PBXFileReference; lastKnownFileType = sourcecode.swift; path = ListaContactosCoordinator.swift; sourceTree = "<group>"; };
		3E8BCB112B8F64DD004A36CF /* ListaContactosPresenter.swift */ = {isa = PBXFileReference; lastKnownFileType = sourcecode.swift; path = ListaContactosPresenter.swift; sourceTree = "<group>"; };
		3E8BCB142B8F654A004A36CF /* ContactosCell.swift */ = {isa = PBXFileReference; lastKnownFileType = sourcecode.swift; path = ContactosCell.swift; sourceTree = "<group>"; };
		3E8BCB152B8F654A004A36CF /* ContactosCell.xib */ = {isa = PBXFileReference; lastKnownFileType = file.xib; path = ContactosCell.xib; sourceTree = "<group>"; };
		3E8BCB182B8F6ADD004A36CF /* ListaContactosRouter.swift */ = {isa = PBXFileReference; lastKnownFileType = sourcecode.swift; path = ListaContactosRouter.swift; sourceTree = "<group>"; };
		3E8BCB1B2B8F7F77004A36CF /* DetalleContactoViewController.swift */ = {isa = PBXFileReference; lastKnownFileType = sourcecode.swift; path = DetalleContactoViewController.swift; sourceTree = "<group>"; };
		3E8BCB1C2B8F7F77004A36CF /* DetalleContactoViewController.xib */ = {isa = PBXFileReference; lastKnownFileType = file.xib; path = DetalleContactoViewController.xib; sourceTree = "<group>"; };
		3E8BCB1F2B8F7F94004A36CF /* DetalleContactoPresenter.swift */ = {isa = PBXFileReference; lastKnownFileType = sourcecode.swift; path = DetalleContactoPresenter.swift; sourceTree = "<group>"; };
		3E8BCB212B8F7FE9004A36CF /* DetalleContactoCoordinator.swift */ = {isa = PBXFileReference; lastKnownFileType = sourcecode.swift; path = DetalleContactoCoordinator.swift; sourceTree = "<group>"; };
/* End PBXFileReference section */

/* Begin PBXFrameworksBuildPhase section */
		3E8BCADA2B8F5F10004A36CF /* Frameworks */ = {
			isa = PBXFrameworksBuildPhase;
			buildActionMask = 2147483647;
			files = (
			);
			runOnlyForDeploymentPostprocessing = 0;
		};
/* End PBXFrameworksBuildPhase section */

/* Begin PBXGroup section */
		3E8BCAD42B8F5F10004A36CF = {
			isa = PBXGroup;
			children = (
				3E8BCADF2B8F5F11004A36CF /* NTTDataTaskChallenge */,
				3E8BCADE2B8F5F10004A36CF /* Products */,
			);
			sourceTree = "<group>";
		};
		3E8BCADE2B8F5F10004A36CF /* Products */ = {
			isa = PBXGroup;
			children = (
				3E8BCADD2B8F5F10004A36CF /* NTTDataTaskChallenge.app */,
			);
			name = Products;
			sourceTree = "<group>";
		};
		3E8BCADF2B8F5F11004A36CF /* NTTDataTaskChallenge */ = {
			isa = PBXGroup;
			children = (
				3E8BCAFE2B8F5FA7004A36CF /* StubJson */,
				3E8BCAFD2B8F5FA3004A36CF /* Models */,
				3E8BCAF72B8F5F5C004A36CF /* Modules */,
				3E8BCAF42B8F5F47004A36CF /* CoreApp */,
				3E8BCAE92B8F5F12004A36CF /* Assets.xcassets */,
				3E8BCAEB2B8F5F12004A36CF /* LaunchScreen.storyboard */,
				3E8BCAEE2B8F5F12004A36CF /* Info.plist */,
			);
			path = NTTDataTaskChallenge;
			sourceTree = "<group>";
		};
		3E8BCAF42B8F5F47004A36CF /* CoreApp */ = {
			isa = PBXGroup;
			children = (
				3E8BCAE02B8F5F11004A36CF /* AppDelegate.swift */,
				3E8BCAF52B8F5F59004A36CF /* AppCoordinator.swift */,
			);
			path = CoreApp;
			sourceTree = "<group>";
		};
		3E8BCAF72B8F5F5C004A36CF /* Modules */ = {
			isa = PBXGroup;
			children = (
				3E8BCAF82B8F5F78004A36CF /* Sections */,
			);
			path = Modules;
			sourceTree = "<group>";
		};
		3E8BCAF82B8F5F78004A36CF /* Sections */ = {
			isa = PBXGroup;
			children = (
				3E8BCAFC2B8F5F95004A36CF /* NuevaTarea */,
				3E8BCAFB2B8F5F90004A36CF /* ListaTareas */,
				3E8BCAFA2B8F5F8A004A36CF /* Contactos */,
				3E8BCAF92B8F5F84004A36CF /* TabBarHome */,
			);
			path = Sections;
			sourceTree = "<group>";
		};
		3E8BCAF92B8F5F84004A36CF /* TabBarHome */ = {
			isa = PBXGroup;
			children = (
				3E8BCB052B8F6235004A36CF /* TabBarHomeViewController.swift */,
				3E8BCB062B8F6235004A36CF /* TabBarHomeViewController.xib */,
				3E8BCB092B8F6242004A36CF /* TabBarHomeCoordinator.swift */,
			);
			path = TabBarHome;
			sourceTree = "<group>";
		};
		3E8BCAFA2B8F5F8A004A36CF /* Contactos */ = {
			isa = PBXGroup;
			children = (
				3E8BCB1A2B8F7DD0004A36CF /* DetalleContacto */,
				3E8BCB132B8F6528004A36CF /* Cell */,
				3E8BCB0B2B8F63E6004A36CF /* ListaContactosViewController.swift */,
				3E8BCB0C2B8F63E6004A36CF /* ListaContactosViewController.xib */,
				3E8BCB0F2B8F63F2004A36CF /* ListaContactosCoordinator.swift */,
				3E8BCB182B8F6ADD004A36CF /* ListaContactosRouter.swift */,
				3E8BCB112B8F64DD004A36CF /* ListaContactosPresenter.swift */,
			);
			path = Contactos;
			sourceTree = "<group>";
		};
		3E8BCAFB2B8F5F90004A36CF /* ListaTareas */ = {
			isa = PBXGroup;
			children = (
			);
			path = ListaTareas;
			sourceTree = "<group>";
		};
		3E8BCAFC2B8F5F95004A36CF /* NuevaTarea */ = {
			isa = PBXGroup;
			children = (
			);
			path = NuevaTarea;
			sourceTree = "<group>";
		};
		3E8BCAFD2B8F5FA3004A36CF /* Models */ = {
			isa = PBXGroup;
			children = (
				3E8BCAFF2B8F5FB9004A36CF /* ContactModel.swift */,
			);
			path = Models;
			sourceTree = "<group>";
		};
		3E8BCAFE2B8F5FA7004A36CF /* StubJson */ = {
			isa = PBXGroup;
			children = (
				3E8BCB012B8F5FDC004A36CF /* contacts.json */,
			);
			path = StubJson;
			sourceTree = "<group>";
		};
		3E8BCB132B8F6528004A36CF /* Cell */ = {
			isa = PBXGroup;
			children = (
				3E8BCB142B8F654A004A36CF /* ContactosCell.swift */,
				3E8BCB152B8F654A004A36CF /* ContactosCell.xib */,
			);
			path = Cell;
			sourceTree = "<group>";
		};
		3E8BCB1A2B8F7DD0004A36CF /* DetalleContacto */ = {
			isa = PBXGroup;
			children = (
				3E8BCB1B2B8F7F77004A36CF /* DetalleContactoViewController.swift */,
				3E8BCB1C2B8F7F77004A36CF /* DetalleContactoViewController.xib */,
				3E8BCB212B8F7FE9004A36CF /* DetalleContactoCoordinator.swift */,
				3E8BCB1F2B8F7F94004A36CF /* DetalleContactoPresenter.swift */,
			);
			path = DetalleContacto;
			sourceTree = "<group>";
		};
/* End PBXGroup section */

/* Begin PBXNativeTarget section */
		3E8BCADC2B8F5F10004A36CF /* NTTDataTaskChallenge */ = {
			isa = PBXNativeTarget;
			buildConfigurationList = 3E8BCAF12B8F5F12004A36CF /* Build configuration list for PBXNativeTarget "NTTDataTaskChallenge" */;
			buildPhases = (
				3E8BCAD92B8F5F10004A36CF /* Sources */,
				3E8BCADA2B8F5F10004A36CF /* Frameworks */,
				3E8BCADB2B8F5F10004A36CF /* Resources */,
			);
			buildRules = (
			);
			dependencies = (
			);
			name = NTTDataTaskChallenge;
			productName = NTTDataTaskChallenge;
			productReference = 3E8BCADD2B8F5F10004A36CF /* NTTDataTaskChallenge.app */;
			productType = "com.apple.product-type.application";
		};
/* End PBXNativeTarget section */

/* Begin PBXProject section */
		3E8BCAD52B8F5F10004A36CF /* Project object */ = {
			isa = PBXProject;
			attributes = {
				BuildIndependentTargetsInParallel = 1;
				LastSwiftUpdateCheck = 1520;
				LastUpgradeCheck = 1520;
				TargetAttributes = {
					3E8BCADC2B8F5F10004A36CF = {
						CreatedOnToolsVersion = 15.2;
					};
				};
			};
			buildConfigurationList = 3E8BCAD82B8F5F10004A36CF /* Build configuration list for PBXProject "NTTDataTaskChallenge" */;
			compatibilityVersion = "Xcode 14.0";
			developmentRegion = en;
			hasScannedForEncodings = 0;
			knownRegions = (
				en,
				Base,
			);
			mainGroup = 3E8BCAD42B8F5F10004A36CF;
			productRefGroup = 3E8BCADE2B8F5F10004A36CF /* Products */;
			projectDirPath = "";
			projectRoot = "";
			targets = (
				3E8BCADC2B8F5F10004A36CF /* NTTDataTaskChallenge */,
			);
		};
/* End PBXProject section */

/* Begin PBXResourcesBuildPhase section */
		3E8BCADB2B8F5F10004A36CF /* Resources */ = {
			isa = PBXResourcesBuildPhase;
			buildActionMask = 2147483647;
			files = (
				3E8BCAED2B8F5F12004A36CF /* LaunchScreen.storyboard in Resources */,
				3E8BCB0E2B8F63E6004A36CF /* ListaContactosViewController.xib in Resources */,
				3E8BCB172B8F654A004A36CF /* ContactosCell.xib in Resources */,
				3E8BCB082B8F6235004A36CF /* TabBarHomeViewController.xib in Resources */,
				3E8BCB022B8F5FDC004A36CF /* contacts.json in Resources */,
				3E8BCAEA2B8F5F12004A36CF /* Assets.xcassets in Resources */,
				3E8BCB1E2B8F7F77004A36CF /* DetalleContactoViewController.xib in Resources */,
			);
			runOnlyForDeploymentPostprocessing = 0;
		};
/* End PBXResourcesBuildPhase section */

/* Begin PBXSourcesBuildPhase section */
		3E8BCAD92B8F5F10004A36CF /* Sources */ = {
			isa = PBXSourcesBuildPhase;
			buildActionMask = 2147483647;
			files = (
				3E8BCB102B8F63F2004A36CF /* ListaContactosCoordinator.swift in Sources */,
				3E8BCAF62B8F5F59004A36CF /* AppCoordinator.swift in Sources */,
				3E8BCB0D2B8F63E6004A36CF /* ListaContactosViewController.swift in Sources */,
				3E8BCB192B8F6ADD004A36CF /* ListaContactosRouter.swift in Sources */,
				3E8BCB122B8F64DD004A36CF /* ListaContactosPresenter.swift in Sources */,
				3E8BCB0A2B8F6242004A36CF /* TabBarHomeCoordinator.swift in Sources */,
				3E8BCB222B8F7FE9004A36CF /* DetalleContactoCoordinator.swift in Sources */,
				3E8BCB1D2B8F7F77004A36CF /* DetalleContactoViewController.swift in Sources */,
				3E8BCB202B8F7F94004A36CF /* DetalleContactoPresenter.swift in Sources */,
				3E8BCB072B8F6235004A36CF /* TabBarHomeViewController.swift in Sources */,
				3E8BCAE12B8F5F11004A36CF /* AppDelegate.swift in Sources */,
				3E8BCB162B8F654A004A36CF /* ContactosCell.swift in Sources */,
				3E8BCB002B8F5FB9004A36CF /* ContactModel.swift in Sources */,
			);
			runOnlyForDeploymentPostprocessing = 0;
		};
/* End PBXSourcesBuildPhase section */

/* Begin PBXVariantGroup section */
		3E8BCAEB2B8F5F12004A36CF /* LaunchScreen.storyboard */ = {
			isa = PBXVariantGroup;
			children = (
				3E8BCAEC2B8F5F12004A36CF /* Base */,
			);
			name = LaunchScreen.storyboard;
			sourceTree = "<group>";
		};
/* End PBXVariantGroup section */

/* Begin XCBuildConfiguration section */
		3E8BCAEF2B8F5F12004A36CF /* Debug */ = {
			isa = XCBuildConfiguration;
			buildSettings = {
				ALWAYS_SEARCH_USER_PATHS = NO;
				ASSETCATALOG_COMPILER_GENERATE_SWIFT_ASSET_SYMBOL_EXTENSIONS = YES;
				CLANG_ANALYZER_NONNULL = YES;
				CLANG_ANALYZER_NUMBER_OBJECT_CONVERSION = YES_AGGRESSIVE;
				CLANG_CXX_LANGUAGE_STANDARD = "gnu++20";
				CLANG_ENABLE_MODULES = YES;
				CLANG_ENABLE_OBJC_ARC = YES;
				CLANG_ENABLE_OBJC_WEAK = YES;
				CLANG_WARN_BLOCK_CAPTURE_AUTORELEASING = YES;
				CLANG_WARN_BOOL_CONVERSION = YES;
				CLANG_WARN_COMMA = YES;
				CLANG_WARN_CONSTANT_CONVERSION = YES;
				CLANG_WARN_DEPRECATED_OBJC_IMPLEMENTATIONS = YES;
				CLANG_WARN_DIRECT_OBJC_ISA_USAGE = YES_ERROR;
				CLANG_WARN_DOCUMENTATION_COMMENTS = YES;
				CLANG_WARN_EMPTY_BODY = YES;
				CLANG_WARN_ENUM_CONVERSION = YES;
				CLANG_WARN_INFINITE_RECURSION = YES;
				CLANG_WARN_INT_CONVERSION = YES;
				CLANG_WARN_NON_LITERAL_NULL_CONVERSION = YES;
				CLANG_WARN_OBJC_IMPLICIT_RETAIN_SELF = YES;
				CLANG_WARN_OBJC_LITERAL_CONVERSION = YES;
				CLANG_WARN_OBJC_ROOT_CLASS = YES_ERROR;
				CLANG_WARN_QUOTED_INCLUDE_IN_FRAMEWORK_HEADER = YES;
				CLANG_WARN_RANGE_LOOP_ANALYSIS = YES;
				CLANG_WARN_STRICT_PROTOTYPES = YES;
				CLANG_WARN_SUSPICIOUS_MOVE = YES;
				CLANG_WARN_UNGUARDED_AVAILABILITY = YES_AGGRESSIVE;
				CLANG_WARN_UNREACHABLE_CODE = YES;
				CLANG_WARN__DUPLICATE_METHOD_MATCH = YES;
				COPY_PHASE_STRIP = NO;
				DEBUG_INFORMATION_FORMAT = dwarf;
				ENABLE_STRICT_OBJC_MSGSEND = YES;
				ENABLE_TESTABILITY = YES;
				ENABLE_USER_SCRIPT_SANDBOXING = YES;
				GCC_C_LANGUAGE_STANDARD = gnu17;
				GCC_DYNAMIC_NO_PIC = NO;
				GCC_NO_COMMON_BLOCKS = YES;
				GCC_OPTIMIZATION_LEVEL = 0;
				GCC_PREPROCESSOR_DEFINITIONS = (
					"DEBUG=1",
					"$(inherited)",
				);
				GCC_WARN_64_TO_32_BIT_CONVERSION = YES;
				GCC_WARN_ABOUT_RETURN_TYPE = YES_ERROR;
				GCC_WARN_UNDECLARED_SELECTOR = YES;
				GCC_WARN_UNINITIALIZED_AUTOS = YES_AGGRESSIVE;
				GCC_WARN_UNUSED_FUNCTION = YES;
				GCC_WARN_UNUSED_VARIABLE = YES;
				IPHONEOS_DEPLOYMENT_TARGET = 17.2;
				LOCALIZATION_PREFERS_STRING_CATALOGS = YES;
				MTL_ENABLE_DEBUG_INFO = INCLUDE_SOURCE;
				MTL_FAST_MATH = YES;
				ONLY_ACTIVE_ARCH = YES;
				SDKROOT = iphoneos;
				SWIFT_ACTIVE_COMPILATION_CONDITIONS = "DEBUG $(inherited)";
				SWIFT_OPTIMIZATION_LEVEL = "-Onone";
			};
			name = Debug;
		};
		3E8BCAF02B8F5F12004A36CF /* Release */ = {
			isa = XCBuildConfiguration;
			buildSettings = {
				ALWAYS_SEARCH_USER_PATHS = NO;
				ASSETCATALOG_COMPILER_GENERATE_SWIFT_ASSET_SYMBOL_EXTENSIONS = YES;
				CLANG_ANALYZER_NONNULL = YES;
				CLANG_ANALYZER_NUMBER_OBJECT_CONVERSION = YES_AGGRESSIVE;
				CLANG_CXX_LANGUAGE_STANDARD = "gnu++20";
				CLANG_ENABLE_MODULES = YES;
				CLANG_ENABLE_OBJC_ARC = YES;
				CLANG_ENABLE_OBJC_WEAK = YES;
				CLANG_WARN_BLOCK_CAPTURE_AUTORELEASING = YES;
				CLANG_WARN_BOOL_CONVERSION = YES;
				CLANG_WARN_COMMA = YES;
				CLANG_WARN_CONSTANT_CONVERSION = YES;
				CLANG_WARN_DEPRECATED_OBJC_IMPLEMENTATIONS = YES;
				CLANG_WARN_DIRECT_OBJC_ISA_USAGE = YES_ERROR;
				CLANG_WARN_DOCUMENTATION_COMMENTS = YES;
				CLANG_WARN_EMPTY_BODY = YES;
				CLANG_WARN_ENUM_CONVERSION = YES;
				CLANG_WARN_INFINITE_RECURSION = YES;
				CLANG_WARN_INT_CONVERSION = YES;
				CLANG_WARN_NON_LITERAL_NULL_CONVERSION = YES;
				CLANG_WARN_OBJC_IMPLICIT_RETAIN_SELF = YES;
				CLANG_WARN_OBJC_LITERAL_CONVERSION = YES;
				CLANG_WARN_OBJC_ROOT_CLASS = YES_ERROR;
				CLANG_WARN_QUOTED_INCLUDE_IN_FRAMEWORK_HEADER = YES;
				CLANG_WARN_RANGE_LOOP_ANALYSIS = YES;
				CLANG_WARN_STRICT_PROTOTYPES = YES;
				CLANG_WARN_SUSPICIOUS_MOVE = YES;
				CLANG_WARN_UNGUARDED_AVAILABILITY = YES_AGGRESSIVE;
				CLANG_WARN_UNREACHABLE_CODE = YES;
				CLANG_WARN__DUPLICATE_METHOD_MATCH = YES;
				COPY_PHASE_STRIP = NO;
				DEBUG_INFORMATION_FORMAT = "dwarf-with-dsym";
				ENABLE_NS_ASSERTIONS = NO;
				ENABLE_STRICT_OBJC_MSGSEND = YES;
				ENABLE_USER_SCRIPT_SANDBOXING = YES;
				GCC_C_LANGUAGE_STANDARD = gnu17;
				GCC_NO_COMMON_BLOCKS = YES;
				GCC_WARN_64_TO_32_BIT_CONVERSION = YES;
				GCC_WARN_ABOUT_RETURN_TYPE = YES_ERROR;
				GCC_WARN_UNDECLARED_SELECTOR = YES;
				GCC_WARN_UNINITIALIZED_AUTOS = YES_AGGRESSIVE;
				GCC_WARN_UNUSED_FUNCTION = YES;
				GCC_WARN_UNUSED_VARIABLE = YES;
				IPHONEOS_DEPLOYMENT_TARGET = 17.2;
				LOCALIZATION_PREFERS_STRING_CATALOGS = YES;
				MTL_ENABLE_DEBUG_INFO = NO;
				MTL_FAST_MATH = YES;
				SDKROOT = iphoneos;
				SWIFT_COMPILATION_MODE = wholemodule;
				VALIDATE_PRODUCT = YES;
			};
			name = Release;
		};
		3E8BCAF22B8F5F12004A36CF /* Debug */ = {
			isa = XCBuildConfiguration;
			buildSettings = {
				ASSETCATALOG_COMPILER_APPICON_NAME = AppIcon;
				ASSETCATALOG_COMPILER_GLOBAL_ACCENT_COLOR_NAME = AccentColor;
				CODE_SIGN_STYLE = Automatic;
				CURRENT_PROJECT_VERSION = 1;
				DEVELOPMENT_TEAM = 9HK9MP7WRQ;
				GENERATE_INFOPLIST_FILE = YES;
				INFOPLIST_FILE = NTTDataTaskChallenge/Info.plist;
				INFOPLIST_KEY_UIApplicationSupportsIndirectInputEvents = YES;
				INFOPLIST_KEY_UILaunchStoryboardName = LaunchScreen;
				INFOPLIST_KEY_UIMainStoryboardFile = "";
				INFOPLIST_KEY_UISupportedInterfaceOrientations = UIInterfaceOrientationPortrait;
				INFOPLIST_KEY_UISupportedInterfaceOrientations_iPad = "UIInterfaceOrientationLandscapeLeft UIInterfaceOrientationLandscapeRight UIInterfaceOrientationPortrait UIInterfaceOrientationPortraitUpsideDown";
				LD_RUNPATH_SEARCH_PATHS = (
					"$(inherited)",
					"@executable_path/Frameworks",
				);
				MARKETING_VERSION = 1.0;
				PRODUCT_BUNDLE_IDENTIFIER = com.formacioniOS.NTTDataTaskChallenge;
				PRODUCT_NAME = "$(TARGET_NAME)";
				SUPPORTED_PLATFORMS = "iphoneos iphonesimulator";
				SUPPORTS_MACCATALYST = NO;
				SUPPORTS_MAC_DESIGNED_FOR_IPHONE_IPAD = NO;
				SUPPORTS_XR_DESIGNED_FOR_IPHONE_IPAD = NO;
				SWIFT_EMIT_LOC_STRINGS = YES;
				SWIFT_VERSION = 5.0;
				TARGETED_DEVICE_FAMILY = 1;
			};
			name = Debug;
		};
		3E8BCAF32B8F5F12004A36CF /* Release */ = {
			isa = XCBuildConfiguration;
			buildSettings = {
				ASSETCATALOG_COMPILER_APPICON_NAME = AppIcon;
				ASSETCATALOG_COMPILER_GLOBAL_ACCENT_COLOR_NAME = AccentColor;
				CODE_SIGN_STYLE = Automatic;
				CURRENT_PROJECT_VERSION = 1;
				DEVELOPMENT_TEAM = 9HK9MP7WRQ;
				GENERATE_INFOPLIST_FILE = YES;
				INFOPLIST_FILE = NTTDataTaskChallenge/Info.plist;
				INFOPLIST_KEY_UIApplicationSupportsIndirectInputEvents = YES;
				INFOPLIST_KEY_UILaunchStoryboardName = LaunchScreen;
				INFOPLIST_KEY_UIMainStoryboardFile = "";
				INFOPLIST_KEY_UISupportedInterfaceOrientations = UIInterfaceOrientationPortrait;
				INFOPLIST_KEY_UISupportedInterfaceOrientations_iPad = "UIInterfaceOrientationLandscapeLeft UIInterfaceOrientationLandscapeRight UIInterfaceOrientationPortrait UIInterfaceOrientationPortraitUpsideDown";
				LD_RUNPATH_SEARCH_PATHS = (
					"$(inherited)",
					"@executable_path/Frameworks",
				);
				MARKETING_VERSION = 1.0;
				PRODUCT_BUNDLE_IDENTIFIER = com.formacioniOS.NTTDataTaskChallenge;
				PRODUCT_NAME = "$(TARGET_NAME)";
				SUPPORTED_PLATFORMS = "iphoneos iphonesimulator";
				SUPPORTS_MACCATALYST = NO;
				SUPPORTS_MAC_DESIGNED_FOR_IPHONE_IPAD = NO;
				SUPPORTS_XR_DESIGNED_FOR_IPHONE_IPAD = NO;
				SWIFT_EMIT_LOC_STRINGS = YES;
				SWIFT_VERSION = 5.0;
				TARGETED_DEVICE_FAMILY = 1;
			};
			name = Release;
		};
/* End XCBuildConfiguration section */

/* Begin XCConfigurationList section */
		3E8BCAD82B8F5F10004A36CF /* Build configuration list for PBXProject "NTTDataTaskChallenge" */ = {
			isa = XCConfigurationList;
			buildConfigurations = (
				3E8BCAEF2B8F5F12004A36CF /* Debug */,
				3E8BCAF02B8F5F12004A36CF /* Release */,
			);
			defaultConfigurationIsVisible = 0;
			defaultConfigurationName = Release;
		};
		3E8BCAF12B8F5F12004A36CF /* Build configuration list for PBXNativeTarget "NTTDataTaskChallenge" */ = {
			isa = XCConfigurationList;
			buildConfigurations = (
				3E8BCAF22B8F5F12004A36CF /* Debug */,
				3E8BCAF32B8F5F12004A36CF /* Release */,
			);
			defaultConfigurationIsVisible = 0;
			defaultConfigurationName = Release;
		};
/* End XCConfigurationList section */
	};
	rootObject = 3E8BCAD52B8F5F10004A36CF /* Project object */;
}
