// !$*UTF8*$!
{
	archiveVersion = 1;
	classes = {
	};
	objectVersion = 56;
	objects = {

/* Begin PBXBuildFile section */
		1128F2EF25BBB822B344786A /* Pods_GrouponForNTT.framework in Frameworks */ = {isa = PBXBuildFile; fileRef = 1C9E9D180D738E0B4B461D1B /* Pods_GrouponForNTT.framework */; };
		3E0BBC0B2B95E4E20062B1CC /* AppCoordinator.swift in Sources */ = {isa = PBXBuildFile; fileRef = 3E0BBC0A2B95E4E20062B1CC /* AppCoordinator.swift */; };
		3E0BBC0E2B95EB830062B1CC /* NetworkService.swift in Sources */ = {isa = PBXBuildFile; fileRef = 3E0BBC0D2B95EB830062B1CC /* NetworkService.swift */; };
		3E0BBC102B95EE770062B1CC /* NetworkError.swift in Sources */ = {isa = PBXBuildFile; fileRef = 3E0BBC0F2B95EE770062B1CC /* NetworkError.swift */; };
		3E0BBC122B95F9340062B1CC /* EverGrouponServerModel.swift in Sources */ = {isa = PBXBuildFile; fileRef = 3E0BBC112B95F9340062B1CC /* EverGrouponServerModel.swift */; };
		3E0BBC142B95F98C0062B1CC /* SplashProvider.swift in Sources */ = {isa = PBXBuildFile; fileRef = 3E0BBC132B95F98C0062B1CC /* SplashProvider.swift */; };
		3E8BCB562B90B7F1004A36CF /* AppDelegate.swift in Sources */ = {isa = PBXBuildFile; fileRef = 3E8BCB552B90B7F1004A36CF /* AppDelegate.swift */; };
		3E8BCB5F2B90B7F4004A36CF /* Assets.xcassets in Resources */ = {isa = PBXBuildFile; fileRef = 3E8BCB5E2B90B7F4004A36CF /* Assets.xcassets */; };
		3E8BCB622B90B7F4004A36CF /* LaunchScreen.storyboard in Resources */ = {isa = PBXBuildFile; fileRef = 3E8BCB602B90B7F4004A36CF /* LaunchScreen.storyboard */; };
		3E8BCB6B2B95C52D004A36CF /* BaseViper.swift in Sources */ = {isa = PBXBuildFile; fileRef = 3E8BCB6A2B95C52D004A36CF /* BaseViper.swift */; };
		3E8BCB712B95CD74004A36CF /* SplashViewController.swift in Sources */ = {isa = PBXBuildFile; fileRef = 3E8BCB6F2B95CD74004A36CF /* SplashViewController.swift */; };
		3E8BCB722B95CD74004A36CF /* SplashViewController.xib in Resources */ = {isa = PBXBuildFile; fileRef = 3E8BCB702B95CD74004A36CF /* SplashViewController.xib */; };
		3E8BCB742B95CD8A004A36CF /* SplashPresenter.swift in Sources */ = {isa = PBXBuildFile; fileRef = 3E8BCB732B95CD8A004A36CF /* SplashPresenter.swift */; };
		3E8BCB762B95CD9A004A36CF /* SplashInteractor.swift in Sources */ = {isa = PBXBuildFile; fileRef = 3E8BCB752B95CD9A004A36CF /* SplashInteractor.swift */; };
		3E8BCB782B95CDA6004A36CF /* SplashRouter.swift in Sources */ = {isa = PBXBuildFile; fileRef = 3E8BCB772B95CDA6004A36CF /* SplashRouter.swift */; };
		3E8BCB7B2B95CDBF004A36CF /* SplashCoordinator.swift in Sources */ = {isa = PBXBuildFile; fileRef = 3E8BCB7A2B95CDBF004A36CF /* SplashCoordinator.swift */; };
		3E8BCB802B95CDE6004A36CF /* BusinessModel.swift in Sources */ = {isa = PBXBuildFile; fileRef = 3E8BCB7F2B95CDE6004A36CF /* BusinessModel.swift */; };
		3E8BCB822B95CDEC004A36CF /* ViewModel.swift in Sources */ = {isa = PBXBuildFile; fileRef = 3E8BCB812B95CDEC004A36CF /* ViewModel.swift */; };
		3E8BCB852B95CE67004A36CF /* Utils.swift in Sources */ = {isa = PBXBuildFile; fileRef = 3E8BCB842B95CE67004A36CF /* Utils.swift */; };
/* End PBXBuildFile section */

/* Begin PBXFileReference section */
		1C9E9D180D738E0B4B461D1B /* Pods_GrouponForNTT.framework */ = {isa = PBXFileReference; explicitFileType = wrapper.framework; includeInIndex = 0; path = Pods_GrouponForNTT.framework; sourceTree = BUILT_PRODUCTS_DIR; };
		3B98F170214D117428E1BFC3 /* Pods-GrouponForNTT.release.xcconfig */ = {isa = PBXFileReference; includeInIndex = 1; lastKnownFileType = text.xcconfig; name = "Pods-GrouponForNTT.release.xcconfig"; path = "Target Support Files/Pods-GrouponForNTT/Pods-GrouponForNTT.release.xcconfig"; sourceTree = "<group>"; };
		3E0BBC0A2B95E4E20062B1CC /* AppCoordinator.swift */ = {isa = PBXFileReference; lastKnownFileType = sourcecode.swift; path = AppCoordinator.swift; sourceTree = "<group>"; };
		3E0BBC0D2B95EB830062B1CC /* NetworkService.swift */ = {isa = PBXFileReference; lastKnownFileType = sourcecode.swift; path = NetworkService.swift; sourceTree = "<group>"; };
		3E0BBC0F2B95EE770062B1CC /* NetworkError.swift */ = {isa = PBXFileReference; fileEncoding = 4; lastKnownFileType = sourcecode.swift; path = NetworkError.swift; sourceTree = "<group>"; };
		3E0BBC112B95F9340062B1CC /* EverGrouponServerModel.swift */ = {isa = PBXFileReference; fileEncoding = 4; lastKnownFileType = sourcecode.swift; path = EverGrouponServerModel.swift; sourceTree = "<group>"; };
		3E0BBC132B95F98C0062B1CC /* SplashProvider.swift */ = {isa = PBXFileReference; lastKnownFileType = sourcecode.swift; path = SplashProvider.swift; sourceTree = "<group>"; };
		3E8BCB522B90B7F1004A36CF /* GrouponForNTT.app */ = {isa = PBXFileReference; explicitFileType = wrapper.application; includeInIndex = 0; path = GrouponForNTT.app; sourceTree = BUILT_PRODUCTS_DIR; };
		3E8BCB552B90B7F1004A36CF /* AppDelegate.swift */ = {isa = PBXFileReference; lastKnownFileType = sourcecode.swift; path = AppDelegate.swift; sourceTree = "<group>"; };
		3E8BCB5E2B90B7F4004A36CF /* Assets.xcassets */ = {isa = PBXFileReference; lastKnownFileType = folder.assetcatalog; path = Assets.xcassets; sourceTree = "<group>"; };
		3E8BCB612B90B7F4004A36CF /* Base */ = {isa = PBXFileReference; lastKnownFileType = file.storyboard; name = Base; path = Base.lproj/LaunchScreen.storyboard; sourceTree = "<group>"; };
		3E8BCB632B90B7F4004A36CF /* Info.plist */ = {isa = PBXFileReference; lastKnownFileType = text.plist.xml; path = Info.plist; sourceTree = "<group>"; };
		3E8BCB6A2B95C52D004A36CF /* BaseViper.swift */ = {isa = PBXFileReference; lastKnownFileType = sourcecode.swift; path = BaseViper.swift; sourceTree = "<group>"; };
		3E8BCB6F2B95CD74004A36CF /* SplashViewController.swift */ = {isa = PBXFileReference; lastKnownFileType = sourcecode.swift; path = SplashViewController.swift; sourceTree = "<group>"; };
		3E8BCB702B95CD74004A36CF /* SplashViewController.xib */ = {isa = PBXFileReference; lastKnownFileType = file.xib; path = SplashViewController.xib; sourceTree = "<group>"; };
		3E8BCB732B95CD8A004A36CF /* SplashPresenter.swift */ = {isa = PBXFileReference; lastKnownFileType = sourcecode.swift; path = SplashPresenter.swift; sourceTree = "<group>"; };
		3E8BCB752B95CD9A004A36CF /* SplashInteractor.swift */ = {isa = PBXFileReference; lastKnownFileType = sourcecode.swift; path = SplashInteractor.swift; sourceTree = "<group>"; };
		3E8BCB772B95CDA6004A36CF /* SplashRouter.swift */ = {isa = PBXFileReference; lastKnownFileType = sourcecode.swift; path = SplashRouter.swift; sourceTree = "<group>"; };
		3E8BCB7A2B95CDBF004A36CF /* SplashCoordinator.swift */ = {isa = PBXFileReference; lastKnownFileType = sourcecode.swift; path = SplashCoordinator.swift; sourceTree = "<group>"; };
		3E8BCB7F2B95CDE6004A36CF /* BusinessModel.swift */ = {isa = PBXFileReference; lastKnownFileType = sourcecode.swift; path = BusinessModel.swift; sourceTree = "<group>"; };
		3E8BCB812B95CDEC004A36CF /* ViewModel.swift */ = {isa = PBXFileReference; lastKnownFileType = sourcecode.swift; path = ViewModel.swift; sourceTree = "<group>"; };
		3E8BCB842B95CE67004A36CF /* Utils.swift */ = {isa = PBXFileReference; lastKnownFileType = sourcecode.swift; path = Utils.swift; sourceTree = "<group>"; };
		E5910E08B9BDD2087EB5F75E /* Pods-GrouponForNTT.debug.xcconfig */ = {isa = PBXFileReference; includeInIndex = 1; lastKnownFileType = text.xcconfig; name = "Pods-GrouponForNTT.debug.xcconfig"; path = "Target Support Files/Pods-GrouponForNTT/Pods-GrouponForNTT.debug.xcconfig"; sourceTree = "<group>"; };
/* End PBXFileReference section */

/* Begin PBXFrameworksBuildPhase section */
		3E8BCB4F2B90B7F1004A36CF /* Frameworks */ = {
			isa = PBXFrameworksBuildPhase;
			buildActionMask = 2147483647;
			files = (
				1128F2EF25BBB822B344786A /* Pods_GrouponForNTT.framework in Frameworks */,
			);
			runOnlyForDeploymentPostprocessing = 0;
		};
/* End PBXFrameworksBuildPhase section */

/* Begin PBXGroup section */
		350518BC4C46CE4BAA0DFF4D /* Pods */ = {
			isa = PBXGroup;
			children = (
				E5910E08B9BDD2087EB5F75E /* Pods-GrouponForNTT.debug.xcconfig */,
				3B98F170214D117428E1BFC3 /* Pods-GrouponForNTT.release.xcconfig */,
			);
			path = Pods;
			sourceTree = "<group>";
		};
		3E0BBC092B95E4B50062B1CC /* CoreApp */ = {
			isa = PBXGroup;
			children = (
				3E8BCB552B90B7F1004A36CF /* AppDelegate.swift */,
				3E0BBC0A2B95E4E20062B1CC /* AppCoordinator.swift */,
			);
			path = CoreApp;
			sourceTree = "<group>";
		};
		3E0BBC0C2B95EB6F0062B1CC /* NetworkService */ = {
			isa = PBXGroup;
			children = (
				3E0BBC0F2B95EE770062B1CC /* NetworkError.swift */,
				3E0BBC0D2B95EB830062B1CC /* NetworkService.swift */,
			);
			path = NetworkService;
			sourceTree = "<group>";
		};
		3E8BCB492B90B7F1004A36CF = {
			isa = PBXGroup;
			children = (
				3E8BCB542B90B7F1004A36CF /* GrouponForNTT */,
				3E8BCB532B90B7F1004A36CF /* Products */,
				350518BC4C46CE4BAA0DFF4D /* Pods */,
				71F666D00D76AB71B3666D7C /* Frameworks */,
			);
			sourceTree = "<group>";
		};
		3E8BCB532B90B7F1004A36CF /* Products */ = {
			isa = PBXGroup;
			children = (
				3E8BCB522B90B7F1004A36CF /* GrouponForNTT.app */,
			);
			name = Products;
			sourceTree = "<group>";
		};
		3E8BCB542B90B7F1004A36CF /* GrouponForNTT */ = {
			isa = PBXGroup;
			children = (
				3E0BBC0C2B95EB6F0062B1CC /* NetworkService */,
				3E0BBC092B95E4B50062B1CC /* CoreApp */,
				3E8BCB832B95CE5D004A36CF /* Utils+Helpers */,
				3E8BCB6C2B95CD4E004A36CF /* Modules */,
				3E8BCB692B95C51E004A36CF /* BaseViper */,
				3E8BCB5E2B90B7F4004A36CF /* Assets.xcassets */,
				3E8BCB602B90B7F4004A36CF /* LaunchScreen.storyboard */,
				3E8BCB632B90B7F4004A36CF /* Info.plist */,
			);
			path = GrouponForNTT;
			sourceTree = "<group>";
		};
		3E8BCB692B95C51E004A36CF /* BaseViper */ = {
			isa = PBXGroup;
			children = (
				3E8BCB6A2B95C52D004A36CF /* BaseViper.swift */,
			);
			path = BaseViper;
			sourceTree = "<group>";
		};
		3E8BCB6C2B95CD4E004A36CF /* Modules */ = {
			isa = PBXGroup;
			children = (
				3E8BCB6D2B95CD58004A36CF /* Sections */,
			);
			path = Modules;
			sourceTree = "<group>";
		};
		3E8BCB6D2B95CD58004A36CF /* Sections */ = {
			isa = PBXGroup;
			children = (
				3E8BCB6E2B95CD5C004A36CF /* Splash */,
			);
			path = Sections;
			sourceTree = "<group>";
		};
		3E8BCB6E2B95CD5C004A36CF /* Splash */ = {
			isa = PBXGroup;
			children = (
				3E8BCB7C2B95CDCC004A36CF /* Models */,
				3E8BCB792B95CDB3004A36CF /* Coordinator */,
				3E8BCB6F2B95CD74004A36CF /* SplashViewController.swift */,
				3E8BCB702B95CD74004A36CF /* SplashViewController.xib */,
				3E8BCB732B95CD8A004A36CF /* SplashPresenter.swift */,
				3E8BCB752B95CD9A004A36CF /* SplashInteractor.swift */,
				3E8BCB772B95CDA6004A36CF /* SplashRouter.swift */,
			);
			path = Splash;
			sourceTree = "<group>";
		};
		3E8BCB792B95CDB3004A36CF /* Coordinator */ = {
			isa = PBXGroup;
			children = (
				3E8BCB7A2B95CDBF004A36CF /* SplashCoordinator.swift */,
				3E0BBC132B95F98C0062B1CC /* SplashProvider.swift */,
			);
			path = Coordinator;
			sourceTree = "<group>";
		};
		3E8BCB7C2B95CDCC004A36CF /* Models */ = {
			isa = PBXGroup;
			children = (
				3E0BBC112B95F9340062B1CC /* EverGrouponServerModel.swift */,
				3E8BCB7F2B95CDE6004A36CF /* BusinessModel.swift */,
				3E8BCB812B95CDEC004A36CF /* ViewModel.swift */,
			);
			path = Models;
			sourceTree = "<group>";
		};
		3E8BCB832B95CE5D004A36CF /* Utils+Helpers */ = {
			isa = PBXGroup;
			children = (
				3E8BCB842B95CE67004A36CF /* Utils.swift */,
			);
			path = "Utils+Helpers";
			sourceTree = "<group>";
		};
		71F666D00D76AB71B3666D7C /* Frameworks */ = {
			isa = PBXGroup;
			children = (
				1C9E9D180D738E0B4B461D1B /* Pods_GrouponForNTT.framework */,
			);
			name = Frameworks;
			sourceTree = "<group>";
		};
/* End PBXGroup section */

/* Begin PBXNativeTarget section */
		3E8BCB512B90B7F1004A36CF /* GrouponForNTT */ = {
			isa = PBXNativeTarget;
			buildConfigurationList = 3E8BCB662B90B7F4004A36CF /* Build configuration list for PBXNativeTarget "GrouponForNTT" */;
			buildPhases = (
				9C9866DC00CFE351CDCD92AD /* [CP] Check Pods Manifest.lock */,
				3E8BCB4E2B90B7F1004A36CF /* Sources */,
				3E8BCB4F2B90B7F1004A36CF /* Frameworks */,
				3E8BCB502B90B7F1004A36CF /* Resources */,
				92D469FA4ED5762BB0A232AF /* [CP] Embed Pods Frameworks */,
			);
			buildRules = (
			);
			dependencies = (
			);
			name = GrouponForNTT;
			productName = GrouponForNTT;
			productReference = 3E8BCB522B90B7F1004A36CF /* GrouponForNTT.app */;
			productType = "com.apple.product-type.application";
		};
/* End PBXNativeTarget section */

/* Begin PBXProject section */
		3E8BCB4A2B90B7F1004A36CF /* Project object */ = {
			isa = PBXProject;
			attributes = {
				BuildIndependentTargetsInParallel = 1;
				LastSwiftUpdateCheck = 1520;
				LastUpgradeCheck = 1520;
				TargetAttributes = {
					3E8BCB512B90B7F1004A36CF = {
						CreatedOnToolsVersion = 15.2;
					};
				};
			};
			buildConfigurationList = 3E8BCB4D2B90B7F1004A36CF /* Build configuration list for PBXProject "GrouponForNTT" */;
			compatibilityVersion = "Xcode 14.0";
			developmentRegion = en;
			hasScannedForEncodings = 0;
			knownRegions = (
				en,
				Base,
			);
			mainGroup = 3E8BCB492B90B7F1004A36CF;
			productRefGroup = 3E8BCB532B90B7F1004A36CF /* Products */;
			projectDirPath = "";
			projectRoot = "";
			targets = (
				3E8BCB512B90B7F1004A36CF /* GrouponForNTT */,
			);
		};
/* End PBXProject section */

/* Begin PBXResourcesBuildPhase section */
		3E8BCB502B90B7F1004A36CF /* Resources */ = {
			isa = PBXResourcesBuildPhase;
			buildActionMask = 2147483647;
			files = (
				3E8BCB622B90B7F4004A36CF /* LaunchScreen.storyboard in Resources */,
				3E8BCB722B95CD74004A36CF /* SplashViewController.xib in Resources */,
				3E8BCB5F2B90B7F4004A36CF /* Assets.xcassets in Resources */,
			);
			runOnlyForDeploymentPostprocessing = 0;
		};
/* End PBXResourcesBuildPhase section */

/* Begin PBXShellScriptBuildPhase section */
		92D469FA4ED5762BB0A232AF /* [CP] Embed Pods Frameworks */ = {
			isa = PBXShellScriptBuildPhase;
			buildActionMask = 2147483647;
			files = (
			);
			inputFileListPaths = (
				"${PODS_ROOT}/Target Support Files/Pods-GrouponForNTT/Pods-GrouponForNTT-frameworks-${CONFIGURATION}-input-files.xcfilelist",
			);
			name = "[CP] Embed Pods Frameworks";
			outputFileListPaths = (
				"${PODS_ROOT}/Target Support Files/Pods-GrouponForNTT/Pods-GrouponForNTT-frameworks-${CONFIGURATION}-output-files.xcfilelist",
			);
			runOnlyForDeploymentPostprocessing = 0;
			shellPath = /bin/sh;
			shellScript = "\"${PODS_ROOT}/Target Support Files/Pods-GrouponForNTT/Pods-GrouponForNTT-frameworks.sh\"\n";
			showEnvVarsInLog = 0;
		};
		9C9866DC00CFE351CDCD92AD /* [CP] Check Pods Manifest.lock */ = {
			isa = PBXShellScriptBuildPhase;
			buildActionMask = 2147483647;
			files = (
			);
			inputFileListPaths = (
			);
			inputPaths = (
				"${PODS_PODFILE_DIR_PATH}/Podfile.lock",
				"${PODS_ROOT}/Manifest.lock",
			);
			name = "[CP] Check Pods Manifest.lock";
			outputFileListPaths = (
			);
			outputPaths = (
				"$(DERIVED_FILE_DIR)/Pods-GrouponForNTT-checkManifestLockResult.txt",
			);
			runOnlyForDeploymentPostprocessing = 0;
			shellPath = /bin/sh;
			shellScript = "diff \"${PODS_PODFILE_DIR_PATH}/Podfile.lock\" \"${PODS_ROOT}/Manifest.lock\" > /dev/null\nif [ $? != 0 ] ; then\n    # print error to STDERR\n    echo \"error: The sandbox is not in sync with the Podfile.lock. Run 'pod install' or update your CocoaPods installation.\" >&2\n    exit 1\nfi\n# This output is used by Xcode 'outputs' to avoid re-running this script phase.\necho \"SUCCESS\" > \"${SCRIPT_OUTPUT_FILE_0}\"\n";
			showEnvVarsInLog = 0;
		};
/* End PBXShellScriptBuildPhase section */

/* Begin PBXSourcesBuildPhase section */
		3E8BCB4E2B90B7F1004A36CF /* Sources */ = {
			isa = PBXSourcesBuildPhase;
			buildActionMask = 2147483647;
			files = (
				3E0BBC0B2B95E4E20062B1CC /* AppCoordinator.swift in Sources */,
				3E0BBC102B95EE770062B1CC /* NetworkError.swift in Sources */,
				3E8BCB822B95CDEC004A36CF /* ViewModel.swift in Sources */,
				3E8BCB712B95CD74004A36CF /* SplashViewController.swift in Sources */,
				3E8BCB782B95CDA6004A36CF /* SplashRouter.swift in Sources */,
				3E8BCB562B90B7F1004A36CF /* AppDelegate.swift in Sources */,
				3E0BBC122B95F9340062B1CC /* EverGrouponServerModel.swift in Sources */,
				3E8BCB762B95CD9A004A36CF /* SplashInteractor.swift in Sources */,
				3E8BCB802B95CDE6004A36CF /* BusinessModel.swift in Sources */,
				3E8BCB852B95CE67004A36CF /* Utils.swift in Sources */,
				3E8BCB7B2B95CDBF004A36CF /* SplashCoordinator.swift in Sources */,
				3E8BCB6B2B95C52D004A36CF /* BaseViper.swift in Sources */,
				3E0BBC0E2B95EB830062B1CC /* NetworkService.swift in Sources */,
				3E0BBC142B95F98C0062B1CC /* SplashProvider.swift in Sources */,
				3E8BCB742B95CD8A004A36CF /* SplashPresenter.swift in Sources */,
			);
			runOnlyForDeploymentPostprocessing = 0;
		};
/* End PBXSourcesBuildPhase section */

/* Begin PBXVariantGroup section */
		3E8BCB602B90B7F4004A36CF /* LaunchScreen.storyboard */ = {
			isa = PBXVariantGroup;
			children = (
				3E8BCB612B90B7F4004A36CF /* Base */,
			);
			name = LaunchScreen.storyboard;
			sourceTree = "<group>";
		};
/* End PBXVariantGroup section */

/* Begin XCBuildConfiguration section */
		3E8BCB642B90B7F4004A36CF /* Debug */ = {
			isa = XCBuildConfiguration;
			buildSettings = {
				ALWAYS_SEARCH_USER_PATHS = NO;
				ASSETCATALOG_COMPILER_GENERATE_SWIFT_ASSET_SYMBOL_EXTENSIONS = YES;
				CLANG_ANALYZER_NONNULL = YES;
				CLANG_ANALYZER_NUMBER_OBJECT_CONVERSION = YES_AGGRESSIVE;
				CLANG_CXX_LANGUAGE_STANDARD = "gnu++20";
				CLANG_ENABLE_MODULES = YES;
				CLANG_ENABLE_OBJC_ARC = YES;
				CLANG_ENABLE_OBJC_WEAK = YES;
				CLANG_WARN_BLOCK_CAPTURE_AUTORELEASING = YES;
				CLANG_WARN_BOOL_CONVERSION = YES;
				CLANG_WARN_COMMA = YES;
				CLANG_WARN_CONSTANT_CONVERSION = YES;
				CLANG_WARN_DEPRECATED_OBJC_IMPLEMENTATIONS = YES;
				CLANG_WARN_DIRECT_OBJC_ISA_USAGE = YES_ERROR;
				CLANG_WARN_DOCUMENTATION_COMMENTS = YES;
				CLANG_WARN_EMPTY_BODY = YES;
				CLANG_WARN_ENUM_CONVERSION = YES;
				CLANG_WARN_INFINITE_RECURSION = YES;
				CLANG_WARN_INT_CONVERSION = YES;
				CLANG_WARN_NON_LITERAL_NULL_CONVERSION = YES;
				CLANG_WARN_OBJC_IMPLICIT_RETAIN_SELF = YES;
				CLANG_WARN_OBJC_LITERAL_CONVERSION = YES;
				CLANG_WARN_OBJC_ROOT_CLASS = YES_ERROR;
				CLANG_WARN_QUOTED_INCLUDE_IN_FRAMEWORK_HEADER = YES;
				CLANG_WARN_RANGE_LOOP_ANALYSIS = YES;
				CLANG_WARN_STRICT_PROTOTYPES = YES;
				CLANG_WARN_SUSPICIOUS_MOVE = YES;
				CLANG_WARN_UNGUARDED_AVAILABILITY = YES_AGGRESSIVE;
				CLANG_WARN_UNREACHABLE_CODE = YES;
				CLANG_WARN__DUPLICATE_METHOD_MATCH = YES;
				COPY_PHASE_STRIP = NO;
				DEBUG_INFORMATION_FORMAT = dwarf;
				ENABLE_STRICT_OBJC_MSGSEND = YES;
				ENABLE_TESTABILITY = YES;
				ENABLE_USER_SCRIPT_SANDBOXING = YES;
				GCC_C_LANGUAGE_STANDARD = gnu17;
				GCC_DYNAMIC_NO_PIC = NO;
				GCC_NO_COMMON_BLOCKS = YES;
				GCC_OPTIMIZATION_LEVEL = 0;
				GCC_PREPROCESSOR_DEFINITIONS = (
					"DEBUG=1",
					"$(inherited)",
				);
				GCC_WARN_64_TO_32_BIT_CONVERSION = YES;
				GCC_WARN_ABOUT_RETURN_TYPE = YES_ERROR;
				GCC_WARN_UNDECLARED_SELECTOR = YES;
				GCC_WARN_UNINITIALIZED_AUTOS = YES_AGGRESSIVE;
				GCC_WARN_UNUSED_FUNCTION = YES;
				GCC_WARN_UNUSED_VARIABLE = YES;
				IPHONEOS_DEPLOYMENT_TARGET = 17.2;
				LOCALIZATION_PREFERS_STRING_CATALOGS = YES;
				MTL_ENABLE_DEBUG_INFO = INCLUDE_SOURCE;
				MTL_FAST_MATH = YES;
				ONLY_ACTIVE_ARCH = YES;
				SDKROOT = iphoneos;
				SWIFT_ACTIVE_COMPILATION_CONDITIONS = "DEBUG $(inherited)";
				SWIFT_OPTIMIZATION_LEVEL = "-Onone";
			};
			name = Debug;
		};
		3E8BCB652B90B7F4004A36CF /* Release */ = {
			isa = XCBuildConfiguration;
			buildSettings = {
				ALWAYS_SEARCH_USER_PATHS = NO;
				ASSETCATALOG_COMPILER_GENERATE_SWIFT_ASSET_SYMBOL_EXTENSIONS = YES;
				CLANG_ANALYZER_NONNULL = YES;
				CLANG_ANALYZER_NUMBER_OBJECT_CONVERSION = YES_AGGRESSIVE;
				CLANG_CXX_LANGUAGE_STANDARD = "gnu++20";
				CLANG_ENABLE_MODULES = YES;
				CLANG_ENABLE_OBJC_ARC = YES;
				CLANG_ENABLE_OBJC_WEAK = YES;
				CLANG_WARN_BLOCK_CAPTURE_AUTORELEASING = YES;
				CLANG_WARN_BOOL_CONVERSION = YES;
				CLANG_WARN_COMMA = YES;
				CLANG_WARN_CONSTANT_CONVERSION = YES;
				CLANG_WARN_DEPRECATED_OBJC_IMPLEMENTATIONS = YES;
				CLANG_WARN_DIRECT_OBJC_ISA_USAGE = YES_ERROR;
				CLANG_WARN_DOCUMENTATION_COMMENTS = YES;
				CLANG_WARN_EMPTY_BODY = YES;
				CLANG_WARN_ENUM_CONVERSION = YES;
				CLANG_WARN_INFINITE_RECURSION = YES;
				CLANG_WARN_INT_CONVERSION = YES;
				CLANG_WARN_NON_LITERAL_NULL_CONVERSION = YES;
				CLANG_WARN_OBJC_IMPLICIT_RETAIN_SELF = YES;
				CLANG_WARN_OBJC_LITERAL_CONVERSION = YES;
				CLANG_WARN_OBJC_ROOT_CLASS = YES_ERROR;
				CLANG_WARN_QUOTED_INCLUDE_IN_FRAMEWORK_HEADER = YES;
				CLANG_WARN_RANGE_LOOP_ANALYSIS = YES;
				CLANG_WARN_STRICT_PROTOTYPES = YES;
				CLANG_WARN_SUSPICIOUS_MOVE = YES;
				CLANG_WARN_UNGUARDED_AVAILABILITY = YES_AGGRESSIVE;
				CLANG_WARN_UNREACHABLE_CODE = YES;
				CLANG_WARN__DUPLICATE_METHOD_MATCH = YES;
				COPY_PHASE_STRIP = NO;
				DEBUG_INFORMATION_FORMAT = "dwarf-with-dsym";
				ENABLE_NS_ASSERTIONS = NO;
				ENABLE_STRICT_OBJC_MSGSEND = YES;
				ENABLE_USER_SCRIPT_SANDBOXING = YES;
				GCC_C_LANGUAGE_STANDARD = gnu17;
				GCC_NO_COMMON_BLOCKS = YES;
				GCC_WARN_64_TO_32_BIT_CONVERSION = YES;
				GCC_WARN_ABOUT_RETURN_TYPE = YES_ERROR;
				GCC_WARN_UNDECLARED_SELECTOR = YES;
				GCC_WARN_UNINITIALIZED_AUTOS = YES_AGGRESSIVE;
				GCC_WARN_UNUSED_FUNCTION = YES;
				GCC_WARN_UNUSED_VARIABLE = YES;
				IPHONEOS_DEPLOYMENT_TARGET = 17.2;
				LOCALIZATION_PREFERS_STRING_CATALOGS = YES;
				MTL_ENABLE_DEBUG_INFO = NO;
				MTL_FAST_MATH = YES;
				SDKROOT = iphoneos;
				SWIFT_COMPILATION_MODE = wholemodule;
				VALIDATE_PRODUCT = YES;
			};
			name = Release;
		};
		3E8BCB672B90B7F4004A36CF /* Debug */ = {
			isa = XCBuildConfiguration;
			baseConfigurationReference = E5910E08B9BDD2087EB5F75E /* Pods-GrouponForNTT.debug.xcconfig */;
			buildSettings = {
				ASSETCATALOG_COMPILER_APPICON_NAME = AppIcon;
				ASSETCATALOG_COMPILER_GLOBAL_ACCENT_COLOR_NAME = AccentColor;
				CODE_SIGN_STYLE = Automatic;
				CURRENT_PROJECT_VERSION = 1;
				DEVELOPMENT_TEAM = 9HK9MP7WRQ;
				ENABLE_USER_SCRIPT_SANDBOXING = NO;
				GENERATE_INFOPLIST_FILE = YES;
				INFOPLIST_FILE = GrouponForNTT/Info.plist;
				INFOPLIST_KEY_UIApplicationSupportsIndirectInputEvents = YES;
				INFOPLIST_KEY_UILaunchStoryboardName = LaunchScreen;
				INFOPLIST_KEY_UIMainStoryboardFile = "";
				INFOPLIST_KEY_UISupportedInterfaceOrientations = UIInterfaceOrientationPortrait;
				INFOPLIST_KEY_UISupportedInterfaceOrientations_iPad = "UIInterfaceOrientationLandscapeLeft UIInterfaceOrientationLandscapeRight UIInterfaceOrientationPortrait UIInterfaceOrientationPortraitUpsideDown";
				IPHONEOS_DEPLOYMENT_TARGET = 15.0;
				LD_RUNPATH_SEARCH_PATHS = (
					"$(inherited)",
					"@executable_path/Frameworks",
				);
				MARKETING_VERSION = 1.0;
				PRODUCT_BUNDLE_IDENTIFIER = com.formacioniOS.GrouponForNTT;
				PRODUCT_NAME = "$(TARGET_NAME)";
				SUPPORTED_PLATFORMS = "iphoneos iphonesimulator";
				SUPPORTS_MACCATALYST = NO;
				SUPPORTS_MAC_DESIGNED_FOR_IPHONE_IPAD = NO;
				SUPPORTS_XR_DESIGNED_FOR_IPHONE_IPAD = NO;
				SWIFT_EMIT_LOC_STRINGS = YES;
				SWIFT_VERSION = 5.0;
				TARGETED_DEVICE_FAMILY = 1;
			};
			name = Debug;
		};
		3E8BCB682B90B7F4004A36CF /* Release */ = {
			isa = XCBuildConfiguration;
			baseConfigurationReference = 3B98F170214D117428E1BFC3 /* Pods-GrouponForNTT.release.xcconfig */;
			buildSettings = {
				ASSETCATALOG_COMPILER_APPICON_NAME = AppIcon;
				ASSETCATALOG_COMPILER_GLOBAL_ACCENT_COLOR_NAME = AccentColor;
				CODE_SIGN_STYLE = Automatic;
				CURRENT_PROJECT_VERSION = 1;
				DEVELOPMENT_TEAM = 9HK9MP7WRQ;
				ENABLE_USER_SCRIPT_SANDBOXING = NO;
				GENERATE_INFOPLIST_FILE = YES;
				INFOPLIST_FILE = GrouponForNTT/Info.plist;
				INFOPLIST_KEY_UIApplicationSupportsIndirectInputEvents = YES;
				INFOPLIST_KEY_UILaunchStoryboardName = LaunchScreen;
				INFOPLIST_KEY_UIMainStoryboardFile = "";
				INFOPLIST_KEY_UISupportedInterfaceOrientations = UIInterfaceOrientationPortrait;
				INFOPLIST_KEY_UISupportedInterfaceOrientations_iPad = "UIInterfaceOrientationLandscapeLeft UIInterfaceOrientationLandscapeRight UIInterfaceOrientationPortrait UIInterfaceOrientationPortraitUpsideDown";
				IPHONEOS_DEPLOYMENT_TARGET = 15.0;
				LD_RUNPATH_SEARCH_PATHS = (
					"$(inherited)",
					"@executable_path/Frameworks",
				);
				MARKETING_VERSION = 1.0;
				PRODUCT_BUNDLE_IDENTIFIER = com.formacioniOS.GrouponForNTT;
				PRODUCT_NAME = "$(TARGET_NAME)";
				SUPPORTED_PLATFORMS = "iphoneos iphonesimulator";
				SUPPORTS_MACCATALYST = NO;
				SUPPORTS_MAC_DESIGNED_FOR_IPHONE_IPAD = NO;
				SUPPORTS_XR_DESIGNED_FOR_IPHONE_IPAD = NO;
				SWIFT_EMIT_LOC_STRINGS = YES;
				SWIFT_VERSION = 5.0;
				TARGETED_DEVICE_FAMILY = 1;
			};
			name = Release;
		};
/* End XCBuildConfiguration section */

/* Begin XCConfigurationList section */
		3E8BCB4D2B90B7F1004A36CF /* Build configuration list for PBXProject "GrouponForNTT" */ = {
			isa = XCConfigurationList;
			buildConfigurations = (
				3E8BCB642B90B7F4004A36CF /* Debug */,
				3E8BCB652B90B7F4004A36CF /* Release */,
			);
			defaultConfigurationIsVisible = 0;
			defaultConfigurationName = Release;
		};
		3E8BCB662B90B7F4004A36CF /* Build configuration list for PBXNativeTarget "GrouponForNTT" */ = {
			isa = XCConfigurationList;
			buildConfigurations = (
				3E8BCB672B90B7F4004A36CF /* Debug */,
				3E8BCB682B90B7F4004A36CF /* Release */,
			);
			defaultConfigurationIsVisible = 0;
			defaultConfigurationName = Release;
		};
/* End XCConfigurationList section */
	};
	rootObject = 3E8BCB4A2B90B7F1004A36CF /* Project object */;
}
